
Microsoft Visual Studio Solution File, Format Version 12.00
# Visual Studio Version 17
VisualStudioVersion = 17.9.34607.119
MinimumVisualStudioVersion = 10.0.40219.1
Project("{9A19103F-16F7-4668-BE54-9A1E7A4F7556}") = "WrapperMercadoPagoAPI", "WrapperMercadoPagoAPI.csproj", "{DE452067-B2CC-4FD3-B284-AAE51CDFF959}"
EndProject
Project("{9A19103F-16F7-4668-BE54-9A1E7A4F7556}") = "HubConnectionWrapper", "..\HubConnectionWrapper\HubConnectionWrapper.csproj", "{3DDE9688-4865-480D-B424-D2FBB79F05B6}"
EndProject
Project("{FAE04EC0-301F-11D3-BF4B-00C04F79EFBC}") = "InterfaceComNetCore", "..\InterfaceComNetCore\InterfaceComNetCore.csproj", "{022E509A-2BA6-40DC-A433-997575FF5D38}"
EndProject
Global
	GlobalSection(SolutionConfigurationPlatforms) = preSolution
		Debug|Any CPU = Debug|Any CPU
		Debug|x86 = Debug|x86
		Release|Any CPU = Release|Any CPU
		Release|x86 = Release|x86
	EndGlobalSection
	GlobalSection(ProjectConfigurationPlatforms) = postSolution
		{DE452067-B2CC-4FD3-B284-AAE51CDFF959}.Debug|Any CPU.ActiveCfg = Debug|x86
		{DE452067-B2CC-4FD3-B284-AAE51CDFF959}.Debug|Any CPU.Build.0 = Debug|x86
		{DE452067-B2CC-4FD3-B284-AAE51CDFF959}.Debug|x86.ActiveCfg = Debug|x86
		{DE452067-B2CC-4FD3-B284-AAE51CDFF959}.Debug|x86.Build.0 = Debug|x86
		{DE452067-B2CC-4FD3-B284-AAE51CDFF959}.Release|Any CPU.ActiveCfg = Release|x86
		{DE452067-B2CC-4FD3-B284-AAE51CDFF959}.Release|Any CPU.Build.0 = Release|x86
		{DE452067-B2CC-4FD3-B284-AAE51CDFF959}.Release|x86.ActiveCfg = Release|x86
		{DE452067-B2CC-4FD3-B284-AAE51CDFF959}.Release|x86.Build.0 = Release|x86
		{3DDE9688-4865-480D-B424-D2FBB79F05B6}.Debug|Any CPU.ActiveCfg = Debug|Any CPU
		{3DDE9688-4865-480D-B424-D2FBB79F05B6}.Debug|Any CPU.Build.0 = Debug|Any CPU
		{3DDE9688-4865-480D-B424-D2FBB79F05B6}.Debug|x86.ActiveCfg = Debug|Any CPU
		{3DDE9688-4865-480D-B424-D2FBB79F05B6}.Debug|x86.Build.0 = Debug|Any CPU
		{3DDE9688-4865-480D-B424-D2FBB79F05B6}.Release|Any CPU.ActiveCfg = Release|Any CPU
		{3DDE9688-4865-480D-B424-D2FBB79F05B6}.Release|Any CPU.Build.0 = Release|Any CPU
		{3DDE9688-4865-480D-B424-D2FBB79F05B6}.Release|x86.ActiveCfg = Release|Any CPU
		{3DDE9688-4865-480D-B424-D2FBB79F05B6}.Release|x86.Build.0 = Release|Any CPU
		{022E509A-2BA6-40DC-A433-997575FF5D38}.Debug|Any CPU.ActiveCfg = Debug|x86
		{022E509A-2BA6-40DC-A433-997575FF5D38}.Debug|Any CPU.Build.0 = Debug|x86
		{022E509A-2BA6-40DC-A433-997575FF5D38}.Debug|x86.ActiveCfg = Debug|x86
		{022E509A-2BA6-40DC-A433-997575FF5D38}.Debug|x86.Build.0 = Debug|x86
		{022E509A-2BA6-40DC-A433-997575FF5D38}.Release|Any CPU.ActiveCfg = Release|x86
		{022E509A-2BA6-40DC-A433-997575FF5D38}.Release|Any CPU.Build.0 = Release|x86
		{022E509A-2BA6-40DC-A433-997575FF5D38}.Release|x86.ActiveCfg = Release|x86
		{022E509A-2BA6-40DC-A433-997575FF5D38}.Release|x86.Build.0 = Release|x86
	EndGlobalSection
	GlobalSection(SolutionProperties) = preSolution
		HideSolutionNode = FALSE
	EndGlobalSection
	GlobalSection(ExtensibilityGlobals) = postSolution
		SolutionGuid = {F659952A-2FA8-498E-93A2-7CEAC35BFA0C}
	EndGlobalSection
EndGlobal
