
Microsoft Visual Studio Solution File, Format Version 12.00
# Visual Studio Version 17
VisualStudioVersion = 17.5.33530.505
MinimumVisualStudioVersion = 10.0.40219.1
Project("{9A19103F-16F7-4668-BE54-9A1E7A4F7556}") = "ASPNetCoreMPSignalR", "ASPNetCoreMPSignalR.csproj", "{BD067FC0-6038-4EA4-8ED0-54D29158D29D}"
EndProject
Project("{FAE04EC0-301F-11D3-BF4B-00C04F79EFBC}") = "WrapperModelClassMPAPI", "..\WrapperModelClassMPAPI\WrapperModelClassMPAPI.csproj", "{4FB485BE-77FA-4677-8E83-65D5403B4C93}"
EndProject
Project("{9A19103F-16F7-4668-BE54-9A1E7A4F7556}") = "HubConnectionWrapper", "..\HubConnectionWrapper\HubConnectionWrapper.csproj", "{11F36052-2F66-461F-88CB-1ED40168D3A3}"
EndProject
Project("{9A19103F-16F7-4668-BE54-9A1E7A4F7556}") = "WrapperMercadoPagoAPI", "..\WrapperMercadoPagoAPI\WrapperMercadoPagoAPI.csproj", "{D5E88448-F92E-487F-B021-81B062F3BF9C}"
EndProject
Project("{FAE04EC0-301F-11D3-BF4B-00C04F79EFBC}") = "CertificateX509Utilities", "..\CertificateX509Utilities\CertificateX509Utilities.csproj", "{DB96368F-BF8C-4B0F-A157-D0A97FA509C6}"
EndProject
Global
	GlobalSection(SolutionConfigurationPlatforms) = preSolution
		Debug|Any CPU = Debug|Any CPU
		Debug|x86 = Debug|x86
		Release|Any CPU = Release|Any CPU
		Release|x86 = Release|x86
	EndGlobalSection
	GlobalSection(ProjectConfigurationPlatforms) = postSolution
		{BD067FC0-6038-4EA4-8ED0-54D29158D29D}.Debug|Any CPU.ActiveCfg = Debug|Any CPU
		{BD067FC0-6038-4EA4-8ED0-54D29158D29D}.Debug|Any CPU.Build.0 = Debug|Any CPU
		{BD067FC0-6038-4EA4-8ED0-54D29158D29D}.Debug|x86.ActiveCfg = Debug|Any CPU
		{BD067FC0-6038-4EA4-8ED0-54D29158D29D}.Debug|x86.Build.0 = Debug|Any CPU
		{BD067FC0-6038-4EA4-8ED0-54D29158D29D}.Release|Any CPU.ActiveCfg = Release|Any CPU
		{BD067FC0-6038-4EA4-8ED0-54D29158D29D}.Release|Any CPU.Build.0 = Release|Any CPU
		{BD067FC0-6038-4EA4-8ED0-54D29158D29D}.Release|x86.ActiveCfg = Release|Any CPU
		{BD067FC0-6038-4EA4-8ED0-54D29158D29D}.Release|x86.Build.0 = Release|Any CPU
		{4FB485BE-77FA-4677-8E83-65D5403B4C93}.Debug|Any CPU.ActiveCfg = Debug|x86
		{4FB485BE-77FA-4677-8E83-65D5403B4C93}.Debug|Any CPU.Build.0 = Debug|x86
		{4FB485BE-77FA-4677-8E83-65D5403B4C93}.Debug|x86.ActiveCfg = Debug|x86
		{4FB485BE-77FA-4677-8E83-65D5403B4C93}.Debug|x86.Build.0 = Debug|x86
		{4FB485BE-77FA-4677-8E83-65D5403B4C93}.Release|Any CPU.ActiveCfg = Release|x86
		{4FB485BE-77FA-4677-8E83-65D5403B4C93}.Release|Any CPU.Build.0 = Release|x86
		{4FB485BE-77FA-4677-8E83-65D5403B4C93}.Release|x86.ActiveCfg = Release|x86
		{4FB485BE-77FA-4677-8E83-65D5403B4C93}.Release|x86.Build.0 = Release|x86
		{11F36052-2F66-461F-88CB-1ED40168D3A3}.Debug|Any CPU.ActiveCfg = Debug|Any CPU
		{11F36052-2F66-461F-88CB-1ED40168D3A3}.Debug|Any CPU.Build.0 = Debug|Any CPU
		{11F36052-2F66-461F-88CB-1ED40168D3A3}.Debug|x86.ActiveCfg = Debug|Any CPU
		{11F36052-2F66-461F-88CB-1ED40168D3A3}.Debug|x86.Build.0 = Debug|Any CPU
		{11F36052-2F66-461F-88CB-1ED40168D3A3}.Release|Any CPU.ActiveCfg = Release|Any CPU
		{11F36052-2F66-461F-88CB-1ED40168D3A3}.Release|Any CPU.Build.0 = Release|Any CPU
		{11F36052-2F66-461F-88CB-1ED40168D3A3}.Release|x86.ActiveCfg = Release|Any CPU
		{11F36052-2F66-461F-88CB-1ED40168D3A3}.Release|x86.Build.0 = Release|Any CPU
		{D5E88448-F92E-487F-B021-81B062F3BF9C}.Debug|Any CPU.ActiveCfg = Debug|x86
		{D5E88448-F92E-487F-B021-81B062F3BF9C}.Debug|Any CPU.Build.0 = Debug|x86
		{D5E88448-F92E-487F-B021-81B062F3BF9C}.Debug|x86.ActiveCfg = Debug|x86
		{D5E88448-F92E-487F-B021-81B062F3BF9C}.Debug|x86.Build.0 = Debug|x86
		{D5E88448-F92E-487F-B021-81B062F3BF9C}.Release|Any CPU.ActiveCfg = Release|x86
		{D5E88448-F92E-487F-B021-81B062F3BF9C}.Release|Any CPU.Build.0 = Release|x86
		{D5E88448-F92E-487F-B021-81B062F3BF9C}.Release|x86.ActiveCfg = Release|x86
		{D5E88448-F92E-487F-B021-81B062F3BF9C}.Release|x86.Build.0 = Release|x86
		{DB96368F-BF8C-4B0F-A157-D0A97FA509C6}.Debug|Any CPU.ActiveCfg = Debug|Any CPU
		{DB96368F-BF8C-4B0F-A157-D0A97FA509C6}.Debug|Any CPU.Build.0 = Debug|Any CPU
		{DB96368F-BF8C-4B0F-A157-D0A97FA509C6}.Debug|x86.ActiveCfg = Debug|Any CPU
		{DB96368F-BF8C-4B0F-A157-D0A97FA509C6}.Debug|x86.Build.0 = Debug|Any CPU
		{DB96368F-BF8C-4B0F-A157-D0A97FA509C6}.Release|Any CPU.ActiveCfg = Release|Any CPU
		{DB96368F-BF8C-4B0F-A157-D0A97FA509C6}.Release|Any CPU.Build.0 = Release|Any CPU
		{DB96368F-BF8C-4B0F-A157-D0A97FA509C6}.Release|x86.ActiveCfg = Release|Any CPU
		{DB96368F-BF8C-4B0F-A157-D0A97FA509C6}.Release|x86.Build.0 = Release|Any CPU
	EndGlobalSection
	GlobalSection(SolutionProperties) = preSolution
		HideSolutionNode = FALSE
	EndGlobalSection
	GlobalSection(ExtensibilityGlobals) = postSolution
		SolutionGuid = {DA03310A-CC54-4277-AC6B-9DDF4A315473}
	EndGlobalSection
EndGlobal
