
Microsoft Visual Studio Solution File, Format Version 12.00
# Visual Studio Version 16
VisualStudioVersion = 16.0.31624.102
MinimumVisualStudioVersion = 10.0.40219.1
Project("{FAE04EC0-301F-11D3-BF4B-00C04F79EFBC}") = "ConsoleApp1", "ConsoleApp1\ConsoleApp1.csproj", "{B9BDDE21-EB06-4673-A694-82799FBE610E}"
EndProject
Project("{FAE04EC0-301F-11D3-BF4B-00C04F79EFBC}") = "PosNet", "PosNet\PosNet.csproj", "{950F46C8-4430-491D-A207-11EFAD737FD7}"
EndProject
Global
	GlobalSection(SolutionConfigurationPlatforms) = preSolution
		Debug|Any CPU = Debug|Any CPU
		Debug|x86 = Debug|x86
		Release|Any CPU = Release|Any CPU
		Release|x86 = Release|x86
	EndGlobalSection
	GlobalSection(ProjectConfigurationPlatforms) = postSolution
		{B9BDDE21-EB06-4673-A694-82799FBE610E}.Debug|Any CPU.ActiveCfg = Debug|Any CPU
		{B9BDDE21-EB06-4673-A694-82799FBE610E}.Debug|Any CPU.Build.0 = Debug|Any CPU
		{B9BDDE21-EB06-4673-A694-82799FBE610E}.Debug|x86.ActiveCfg = Debug|Any CPU
		{B9BDDE21-EB06-4673-A694-82799FBE610E}.Debug|x86.Build.0 = Debug|Any CPU
		{B9BDDE21-EB06-4673-A694-82799FBE610E}.Release|Any CPU.ActiveCfg = Release|Any CPU
		{B9BDDE21-EB06-4673-A694-82799FBE610E}.Release|Any CPU.Build.0 = Release|Any CPU
		{B9BDDE21-EB06-4673-A694-82799FBE610E}.Release|x86.ActiveCfg = Release|Any CPU
		{B9BDDE21-EB06-4673-A694-82799FBE610E}.Release|x86.Build.0 = Release|Any CPU
		{950F46C8-4430-491D-A207-11EFAD737FD7}.Debug|Any CPU.ActiveCfg = Debug|Any CPU
		{950F46C8-4430-491D-A207-11EFAD737FD7}.Debug|Any CPU.Build.0 = Debug|Any CPU
		{950F46C8-4430-491D-A207-11EFAD737FD7}.Debug|x86.ActiveCfg = Debug|x86
		{950F46C8-4430-491D-A207-11EFAD737FD7}.Debug|x86.Build.0 = Debug|x86
		{950F46C8-4430-491D-A207-11EFAD737FD7}.Release|Any CPU.ActiveCfg = Release|Any CPU
		{950F46C8-4430-491D-A207-11EFAD737FD7}.Release|Any CPU.Build.0 = Release|Any CPU
		{950F46C8-4430-491D-A207-11EFAD737FD7}.Release|x86.ActiveCfg = Release|x86
		{950F46C8-4430-491D-A207-11EFAD737FD7}.Release|x86.Build.0 = Release|x86
	EndGlobalSection
	GlobalSection(SolutionProperties) = preSolution
		HideSolutionNode = FALSE
	EndGlobalSection
	GlobalSection(ExtensibilityGlobals) = postSolution
		SolutionGuid = {DA203442-DB6F-4D6A-843A-A36901E24A5C}
	EndGlobalSection
EndGlobal
